{
  "version": 4,
  "terraform_version": "0.12.20",
  "serial": 572,
  "lineage": "77ebb6f0-5536-8cea-05fd-e1f4a024d14c",
  "outputs": {
    "bastion_public_ip": {
      "value": "13.232.70.7",
      "type": "string"
    },
    "reflek_web_lb_dns_name": {
      "value": "reflek-web-lb-507735179.ap-south-1.elb.amazonaws.com",
      "type": "string"
    }
  },
  "resources": [
    {
      "mode": "managed",
      "type": "aws_alb_target_group",
      "name": "reflek_web_alb_tg",
      "provider": "provider.aws",
      "instances": [
        {
          "schema_version": 0,
          "attributes": {
            "arn": "arn:aws:elasticloadbalancing:ap-south-1:638987496525:targetgroup/reflek-web-alb-tg/ebd2b2ec2e4e99f3",
            "arn_suffix": "targetgroup/reflek-web-alb-tg/ebd2b2ec2e4e99f3",
            "deregistration_delay": 300,
            "health_check": [
              {
                "enabled": true,
                "healthy_threshold": 5,
                "interval": 30,
                "matcher": "200",
                "path": "/",
                "port": "traffic-port",
                "protocol": "HTTP",
                "timeout": 5,
                "unhealthy_threshold": 2
              }
            ],
            "id": "arn:aws:elasticloadbalancing:ap-south-1:638987496525:targetgroup/reflek-web-alb-tg/ebd2b2ec2e4e99f3",
            "lambda_multi_value_headers_enabled": false,
            "name": "reflek-web-alb-tg",
            "name_prefix": null,
            "port": 80,
            "protocol": "HTTP",
            "proxy_protocol_v2": false,
            "slow_start": 0,
            "stickiness": [
              {
                "cookie_duration": 86400,
                "enabled": false,
                "type": "lb_cookie"
              }
            ],
            "tags": null,
            "target_type": "instance",
            "vpc_id": "vpc-0457a8c5185c39e8e"
          },
          "private": "bnVsbA==",
          "dependencies": [
            "aws_vpc.reflek_vpc"
          ]
        }
      ]
    },
    {
      "mode": "managed",
      "type": "aws_autoscaling_attachment",
      "name": "reflek_web_asg_attachment",
      "provider": "provider.aws",
      "instances": [
        {
          "schema_version": 0,
          "attributes": {
            "alb_target_group_arn": "arn:aws:elasticloadbalancing:ap-south-1:638987496525:targetgroup/reflek-web-alb-tg/ebd2b2ec2e4e99f3",
            "autoscaling_group_name": "web_config20200216065839495400000001-asg",
            "elb": null,
            "id": "web_config20200216065839495400000001-asg-20200216065926545500000002"
          },
          "private": "bnVsbA==",
          "dependencies": [
            "aws_alb_target_group.reflek_web_alb_tg",
            "aws_autoscaling_group.reflek_web_asg",
            "aws_internet_gateway.reflek_IG",
            "aws_key_pair.bastion_key",
            "aws_launch_configuration.reflek_web_config",
            "aws_security_group.bastion-sg",
            "aws_security_group.reflek_fronted_asg_config_sg",
            "aws_security_group.reflek_sg_web_lb",
            "aws_subnet.reflek_pri_subnet",
            "aws_vpc.reflek_vpc"
          ]
        }
      ]
    },
    {
      "mode": "managed",
      "type": "aws_autoscaling_group",
      "name": "reflek_web_asg",
      "provider": "provider.aws",
      "instances": [
        {
          "schema_version": 0,
          "attributes": {
            "arn": "arn:aws:autoscaling:ap-south-1:638987496525:autoScalingGroup:656542a7-c8a7-44f8-a31b-0d251f78b468:autoScalingGroupName/web_config20200216065839495400000001-asg",
            "availability_zones": [
              "ap-south-1a",
              "ap-south-1b"
            ],
            "default_cooldown": 300,
            "desired_capacity": 3,
            "enabled_metrics": null,
            "force_delete": false,
            "health_check_grace_period": 300,
            "health_check_type": "EC2",
            "id": "web_config20200216065839495400000001-asg",
            "initial_lifecycle_hook": [],
            "launch_configuration": "web_config20200216065839495400000001",
            "launch_template": [],
            "load_balancers": [],
            "max_instance_lifetime": 0,
            "max_size": 5,
            "metrics_granularity": "1Minute",
            "min_elb_capacity": null,
            "min_size": 3,
            "mixed_instances_policy": [],
            "name": "web_config20200216065839495400000001-asg",
            "name_prefix": null,
            "placement_group": "",
            "protect_from_scale_in": false,
            "service_linked_role_arn": "arn:aws:iam::638987496525:role/aws-service-role/autoscaling.amazonaws.com/AWSServiceRoleForAutoScaling",
            "suspended_processes": null,
            "tag": [],
            "tags": null,
            "target_group_arns": [],
            "termination_policies": null,
            "timeouts": null,
            "vpc_zone_identifier": [
              "subnet-06a9900f4ba4eff77",
              "subnet-07e64d8332127b994"
            ],
            "wait_for_capacity_timeout": "10m",
            "wait_for_elb_capacity": null
          },
          "private": "eyJlMmJmYjczMC1lY2FhLTExZTYtOGY4OC0zNDM2M2JjN2M0YzAiOnsiZGVsZXRlIjo2MDAwMDAwMDAwMDB9fQ==",
          "dependencies": [
            "aws_internet_gateway.reflek_IG",
            "aws_key_pair.bastion_key",
            "aws_launch_configuration.reflek_web_config",
            "aws_security_group.bastion-sg",
            "aws_security_group.reflek_fronted_asg_config_sg",
            "aws_security_group.reflek_sg_web_lb",
            "aws_subnet.reflek_pri_subnet",
            "aws_vpc.reflek_vpc"
          ]
        }
      ]
    },
    {
      "mode": "managed",
      "type": "aws_autoscaling_policy",
      "name": "web",
      "provider": "provider.aws",
      "instances": [
        {
          "schema_version": 0,
          "attributes": {
            "adjustment_type": "ChangeInCapacity",
            "arn": "arn:aws:autoscaling:ap-south-1:638987496525:scalingPolicy:5b3aff80-22e7-4456-aa2d-bc6c9ad3b91e:autoScalingGroupName/web_config20200216065839495400000001-asg:policyName/reflek-web-autoscaling-policy",
            "autoscaling_group_name": "web_config20200216065839495400000001-asg",
            "cooldown": 300,
            "estimated_instance_warmup": 0,
            "id": "reflek-web-autoscaling-policy",
            "metric_aggregation_type": "",
            "min_adjustment_magnitude": null,
            "min_adjustment_step": null,
            "name": "reflek-web-autoscaling-policy",
            "policy_type": "SimpleScaling",
            "scaling_adjustment": 1,
            "step_adjustment": [],
            "target_tracking_configuration": []
          },
          "private": "bnVsbA==",
          "dependencies": [
            "aws_autoscaling_group.reflek_web_asg",
            "aws_internet_gateway.reflek_IG",
            "aws_key_pair.bastion_key",
            "aws_launch_configuration.reflek_web_config",
            "aws_security_group.bastion-sg",
            "aws_security_group.reflek_fronted_asg_config_sg",
            "aws_security_group.reflek_sg_web_lb",
            "aws_subnet.reflek_pri_subnet",
            "aws_vpc.reflek_vpc"
          ]
        }
      ]
    },
    {
      "mode": "managed",
      "type": "aws_eip",
      "name": "reflek_eip_nat",
      "provider": "provider.aws",
      "instances": [
        {
          "schema_version": 0,
          "attributes": {
            "allocation_id": null,
            "associate_with_private_ip": null,
            "association_id": "",
            "domain": "vpc",
            "id": "eipalloc-0e4b90896861188ee",
            "instance": "",
            "network_interface": "",
            "private_dns": null,
            "private_ip": "",
            "public_dns": "ec2-3-6-111-53.ap-south-1.compute.amazonaws.com",
            "public_ip": "3.6.111.53",
            "public_ipv4_pool": "amazon",
            "tags": null,
            "timeouts": null,
            "vpc": true
          },
          "private": "eyJlMmJmYjczMC1lY2FhLTExZTYtOGY4OC0zNDM2M2JjN2M0YzAiOnsiZGVsZXRlIjoxODAwMDAwMDAwMDAsInJlYWQiOjkwMDAwMDAwMDAwMCwidXBkYXRlIjozMDAwMDAwMDAwMDB9fQ=="
        }
      ]
    },
    {
      "mode": "managed",
      "type": "aws_instance",
      "name": "bastion",
      "provider": "provider.aws",
      "instances": [
        {
          "schema_version": 1,
          "attributes": {
            "ami": "ami-0620d12a9cf777c87",
            "arn": "arn:aws:ec2:ap-south-1:638987496525:instance/i-07c2bc6f1e7f5cfa4",
            "associate_public_ip_address": true,
            "availability_zone": "ap-south-1a",
            "cpu_core_count": 1,
            "cpu_threads_per_core": 1,
            "credit_specification": [
              {
                "cpu_credits": "standard"
              }
            ],
            "disable_api_termination": false,
            "ebs_block_device": [],
            "ebs_optimized": false,
            "ephemeral_block_device": [],
            "get_password_data": false,
            "hibernation": false,
            "host_id": null,
            "iam_instance_profile": "",
            "id": "i-07c2bc6f1e7f5cfa4",
            "instance_initiated_shutdown_behavior": null,
            "instance_state": "running",
            "instance_type": "t2.micro",
            "ipv6_address_count": 0,
            "ipv6_addresses": [],
            "key_name": "reflek_ssh_key",
            "monitoring": false,
            "network_interface": [],
            "network_interface_id": null,
            "password_data": "",
            "placement_group": "",
            "primary_network_interface_id": "eni-009090650c91e0930",
            "private_dns": "ip-10-0-1-171.ap-south-1.compute.internal",
            "private_ip": "10.0.1.171",
            "public_dns": "ec2-13-232-70-7.ap-south-1.compute.amazonaws.com",
            "public_ip": "13.232.70.7",
            "root_block_device": [
              {
                "delete_on_termination": true,
                "encrypted": false,
                "iops": 100,
                "kms_key_id": "",
                "volume_id": "vol-03c9d05d7ee22c316",
                "volume_size": 8,
                "volume_type": "gp2"
              }
            ],
            "security_groups": [
              "sg-03bad10f178235be7"
            ],
            "source_dest_check": true,
            "subnet_id": "subnet-0a336e6031d9e1ca9",
            "tags": null,
            "tenancy": "default",
            "timeouts": null,
            "user_data": "307600acc015de8b5817c066697fc903b48da90a",
            "user_data_base64": null,
            "volume_tags": {},
            "vpc_security_group_ids": [
              "sg-03bad10f178235be7"
            ]
          },
          "private": "eyJlMmJmYjczMC1lY2FhLTExZTYtOGY4OC0zNDM2M2JjN2M0YzAiOnsiY3JlYXRlIjo2MDAwMDAwMDAwMDAsImRlbGV0ZSI6MTIwMDAwMDAwMDAwMCwidXBkYXRlIjo2MDAwMDAwMDAwMDB9LCJzY2hlbWFfdmVyc2lvbiI6IjEifQ==",
          "dependencies": [
            "aws_key_pair.bastion_key",
            "aws_security_group.bastion-sg",
            "aws_subnet.reflek_pub_subnet",
            "aws_vpc.reflek_vpc"
          ]
        }
      ]
    },
    {
      "mode": "managed",
      "type": "aws_internet_gateway",
      "name": "reflek_IG",
      "provider": "provider.aws",
      "instances": [
        {
          "schema_version": 0,
          "attributes": {
            "id": "igw-0e578c2de3eaf6e3f",
            "owner_id": "638987496525",
            "tags": {
              "Name": "reflek_IG"
            },
            "vpc_id": "vpc-0457a8c5185c39e8e"
          },
          "private": "bnVsbA==",
          "dependencies": [
            "aws_vpc.reflek_vpc"
          ]
        }
      ]
    },
    {
      "mode": "managed",
      "type": "aws_key_pair",
      "name": "bastion_key",
      "provider": "provider.aws",
      "instances": [
        {
          "schema_version": 1,
          "attributes": {
            "fingerprint": "92:93:0a:35:92:55:6c:e2:d0:2f:02:6b:7f:f9:b2:c1",
            "id": "reflek_ssh_key",
            "key_name": "reflek_ssh_key",
            "key_name_prefix": null,
            "key_pair_id": "key-0637db5e46c513a03",
            "public_key": "ssh-rsa AAAAB3NzaC1yc2EAAAADAQABAAABAQCiuTsUYPEY0rS6unVckDeITsEQ1dgICny5GQgvkecttzyCSpYVdtbWx1DUmTDmk/KLhb5rdYk1l94/2SyI7hc296n4+nTBUWbRjQ72cjJMyYz1XF/qlwgN5fVDQK7jbJDmGW39uwGfkU2+XZwVv7HA+72z3oXWahEXuW13UaBsohmYJSCIMF33Bm/dZBh0EvYZYN0DnTO/83IrOoeI71WkwrHPmK5qP19k+5a2duiQ+QfQUmGnbi4/LVRiP3aVGHKxRFekp/Yp7KLSMIK9nxk77129cIa/LEUnzl8HEK7hMbtu8eVQHAhAckQaq+PaMo6MQR2+igOmrmBoIenm8nK3 i322937@C02V41RDHV2R",
            "tags": null
          },
          "private": "eyJzY2hlbWFfdmVyc2lvbiI6IjEifQ=="
        }
      ]
    },
    {
      "mode": "managed",
      "type": "aws_launch_configuration",
      "name": "reflek_web_config",
      "provider": "provider.aws",
      "instances": [
        {
          "schema_version": 0,
          "attributes": {
            "arn": "arn:aws:autoscaling:ap-south-1:638987496525:launchConfiguration:bafef96a-c410-41d3-8a51-e000add1828f:launchConfigurationName/web_config20200216065839495400000001",
            "associate_public_ip_address": false,
            "ebs_block_device": [],
            "ebs_optimized": false,
            "enable_monitoring": true,
            "ephemeral_block_device": [],
            "iam_instance_profile": "",
            "id": "web_config20200216065839495400000001",
            "image_id": "ami-0620d12a9cf777c87",
            "instance_type": "t2.micro",
            "key_name": "reflek_ssh_key",
            "name": "web_config20200216065839495400000001",
            "name_prefix": "web_config",
            "placement_tenancy": null,
            "root_block_device": [],
            "security_groups": [
              "sg-057224bb65e6b72ef"
            ],
            "spot_price": "",
            "user_data": "a926ff346d0fc9b63fc4409ac8dd7ae481a377e0",
            "user_data_base64": null,
            "vpc_classic_link_id": "",
            "vpc_classic_link_security_groups": null
          },
          "private": "bnVsbA==",
          "dependencies": [
            "aws_internet_gateway.reflek_IG",
            "aws_key_pair.bastion_key",
            "aws_security_group.bastion-sg",
            "aws_security_group.reflek_fronted_asg_config_sg",
            "aws_security_group.reflek_sg_web_lb",
            "aws_vpc.reflek_vpc"
          ]
        }
      ]
    },
    {
      "mode": "managed",
      "type": "aws_lb",
      "name": "reflek_web_lb",
      "provider": "provider.aws",
      "instances": [
        {
          "schema_version": 0,
          "attributes": {
            "access_logs": [
              {
                "bucket": "",
                "enabled": false,
                "prefix": ""
              }
            ],
            "arn": "arn:aws:elasticloadbalancing:ap-south-1:638987496525:loadbalancer/app/reflek-web-lb/75c47de828854c1f",
            "arn_suffix": "app/reflek-web-lb/75c47de828854c1f",
            "dns_name": "reflek-web-lb-507735179.ap-south-1.elb.amazonaws.com",
            "enable_cross_zone_load_balancing": null,
            "enable_deletion_protection": false,
            "enable_http2": true,
            "id": "arn:aws:elasticloadbalancing:ap-south-1:638987496525:loadbalancer/app/reflek-web-lb/75c47de828854c1f",
            "idle_timeout": 60,
            "internal": false,
            "ip_address_type": "ipv4",
            "load_balancer_type": "application",
            "name": "reflek-web-lb",
            "name_prefix": null,
            "security_groups": [
              "sg-0c15dc35e634dd5cb"
            ],
            "subnet_mapping": [
              {
                "allocation_id": "",
                "subnet_id": "subnet-06bc3fcfa2e209928"
              },
              {
                "allocation_id": "",
                "subnet_id": "subnet-0a336e6031d9e1ca9"
              }
            ],
            "subnets": [
              "subnet-06bc3fcfa2e209928",
              "subnet-0a336e6031d9e1ca9"
            ],
            "tags": {
              "Name": "EXTERNAL-ALB"
            },
            "timeouts": null,
            "vpc_id": "vpc-0457a8c5185c39e8e",
            "zone_id": "ZP97RAFLXTNZK"
          },
          "private": "eyJlMmJmYjczMC1lY2FhLTExZTYtOGY4OC0zNDM2M2JjN2M0YzAiOnsiY3JlYXRlIjo2MDAwMDAwMDAwMDAsImRlbGV0ZSI6NjAwMDAwMDAwMDAwLCJ1cGRhdGUiOjYwMDAwMDAwMDAwMH19",
          "dependencies": [
            "aws_internet_gateway.reflek_IG",
            "aws_security_group.reflek_sg_web_lb",
            "aws_subnet.reflek_pub_subnet",
            "aws_vpc.reflek_vpc"
          ]
        }
      ]
    },
    {
      "mode": "managed",
      "type": "aws_lb_listener",
      "name": "front_end",
      "provider": "provider.aws",
      "instances": [
        {
          "schema_version": 0,
          "attributes": {
            "arn": "arn:aws:elasticloadbalancing:ap-south-1:638987496525:listener/app/reflek-web-lb/75c47de828854c1f/01f66e4a88921401",
            "certificate_arn": null,
            "default_action": [
              {
                "authenticate_cognito": [],
                "authenticate_oidc": [],
                "fixed_response": [],
                "order": 1,
                "redirect": [],
                "target_group_arn": "arn:aws:elasticloadbalancing:ap-south-1:638987496525:targetgroup/reflek-web-alb-tg/ebd2b2ec2e4e99f3",
                "type": "forward"
              }
            ],
            "id": "arn:aws:elasticloadbalancing:ap-south-1:638987496525:listener/app/reflek-web-lb/75c47de828854c1f/01f66e4a88921401",
            "load_balancer_arn": "arn:aws:elasticloadbalancing:ap-south-1:638987496525:loadbalancer/app/reflek-web-lb/75c47de828854c1f",
            "port": 80,
            "protocol": "HTTP",
            "ssl_policy": "",
            "timeouts": null
          },
          "private": "eyJlMmJmYjczMC1lY2FhLTExZTYtOGY4OC0zNDM2M2JjN2M0YzAiOnsicmVhZCI6NjAwMDAwMDAwMDAwfX0=",
          "dependencies": [
            "aws_alb_target_group.reflek_web_alb_tg",
            "aws_internet_gateway.reflek_IG",
            "aws_lb.reflek_web_lb",
            "aws_security_group.reflek_sg_web_lb",
            "aws_subnet.reflek_pub_subnet",
            "aws_vpc.reflek_vpc"
          ]
        }
      ]
    },
    {
      "mode": "managed",
      "type": "aws_nat_gateway",
      "name": "reflek_nat_gw",
      "provider": "provider.aws",
      "instances": [
        {
          "schema_version": 0,
          "attributes": {
            "allocation_id": "eipalloc-0e4b90896861188ee",
            "id": "nat-0d7aefb2dbb8dd4d7",
            "network_interface_id": "eni-0f7af1d2dfa70830b",
            "private_ip": "10.0.2.90",
            "public_ip": "3.6.111.53",
            "subnet_id": "subnet-06bc3fcfa2e209928",
            "tags": null
          },
          "private": "bnVsbA==",
          "dependencies": [
            "aws_eip.reflek_eip_nat",
            "aws_subnet.reflek_pub_subnet",
            "aws_vpc.reflek_vpc"
          ]
        }
      ]
    },
    {
      "mode": "managed",
      "type": "aws_route_table",
      "name": "reflek_pri_route_table",
      "provider": "provider.aws",
      "instances": [
        {
          "schema_version": 0,
          "attributes": {
            "id": "rtb-02dd5dd9ded92c423",
            "owner_id": "638987496525",
            "propagating_vgws": [],
            "route": [
              {
                "cidr_block": "0.0.0.0/0",
                "egress_only_gateway_id": "",
                "gateway_id": "",
                "instance_id": "",
                "ipv6_cidr_block": "",
                "nat_gateway_id": "nat-0d7aefb2dbb8dd4d7",
                "network_interface_id": "",
                "transit_gateway_id": "",
                "vpc_peering_connection_id": ""
              }
            ],
            "tags": {
              "Name": "reflek_pri_route_table"
            },
            "vpc_id": "vpc-0457a8c5185c39e8e"
          },
          "private": "bnVsbA==",
          "dependencies": [
            "aws_eip.reflek_eip_nat",
            "aws_nat_gateway.reflek_nat_gw",
            "aws_subnet.reflek_pub_subnet",
            "aws_vpc.reflek_vpc"
          ]
        }
      ]
    },
    {
      "mode": "managed",
      "type": "aws_route_table",
      "name": "reflek_pub_route_table",
      "provider": "provider.aws",
      "instances": [
        {
          "schema_version": 0,
          "attributes": {
            "id": "rtb-069cf9335d60715ab",
            "owner_id": "638987496525",
            "propagating_vgws": [],
            "route": [
              {
                "cidr_block": "0.0.0.0/0",
                "egress_only_gateway_id": "",
                "gateway_id": "igw-0e578c2de3eaf6e3f",
                "instance_id": "",
                "ipv6_cidr_block": "",
                "nat_gateway_id": "",
                "network_interface_id": "",
                "transit_gateway_id": "",
                "vpc_peering_connection_id": ""
              }
            ],
            "tags": {
              "Name": "reflek_pub_route_table"
            },
            "vpc_id": "vpc-0457a8c5185c39e8e"
          },
          "private": "bnVsbA==",
          "dependencies": [
            "aws_internet_gateway.reflek_IG",
            "aws_vpc.reflek_vpc"
          ]
        }
      ]
    },
    {
      "mode": "managed",
      "type": "aws_route_table_association",
      "name": "reflek_pri_route_associate",
      "each": "list",
      "provider": "provider.aws",
      "instances": [
        {
          "index_key": 0,
          "schema_version": 0,
          "attributes": {
            "gateway_id": null,
            "id": "rtbassoc-06090bd1a4736427a",
            "route_table_id": "rtb-02dd5dd9ded92c423",
            "subnet_id": "subnet-07e64d8332127b994"
          },
          "private": "bnVsbA==",
          "dependencies": [
            "aws_eip.reflek_eip_nat",
            "aws_nat_gateway.reflek_nat_gw",
            "aws_route_table.reflek_pri_route_table",
            "aws_subnet.reflek_pri_subnet",
            "aws_subnet.reflek_pub_subnet",
            "aws_vpc.reflek_vpc"
          ]
        },
        {
          "index_key": 1,
          "schema_version": 0,
          "attributes": {
            "gateway_id": null,
            "id": "rtbassoc-0f330d191534aca93",
            "route_table_id": "rtb-02dd5dd9ded92c423",
            "subnet_id": "subnet-06a9900f4ba4eff77"
          },
          "private": "bnVsbA==",
          "dependencies": [
            "aws_eip.reflek_eip_nat",
            "aws_nat_gateway.reflek_nat_gw",
            "aws_route_table.reflek_pri_route_table",
            "aws_subnet.reflek_pri_subnet",
            "aws_subnet.reflek_pub_subnet",
            "aws_vpc.reflek_vpc"
          ]
        }
      ]
    },
    {
      "mode": "managed",
      "type": "aws_route_table_association",
      "name": "reflek_pub_route_associate",
      "each": "list",
      "provider": "provider.aws",
      "instances": [
        {
          "index_key": 0,
          "schema_version": 0,
          "attributes": {
            "gateway_id": null,
            "id": "rtbassoc-09b309dbdc0633f29",
            "route_table_id": "rtb-069cf9335d60715ab",
            "subnet_id": "subnet-0a336e6031d9e1ca9"
          },
          "private": "bnVsbA==",
          "dependencies": [
            "aws_internet_gateway.reflek_IG",
            "aws_route_table.reflek_pub_route_table",
            "aws_subnet.reflek_pub_subnet",
            "aws_vpc.reflek_vpc"
          ]
        },
        {
          "index_key": 1,
          "schema_version": 0,
          "attributes": {
            "gateway_id": null,
            "id": "rtbassoc-0bac63e7f607e02ee",
            "route_table_id": "rtb-069cf9335d60715ab",
            "subnet_id": "subnet-06bc3fcfa2e209928"
          },
          "private": "bnVsbA==",
          "dependencies": [
            "aws_internet_gateway.reflek_IG",
            "aws_route_table.reflek_pub_route_table",
            "aws_subnet.reflek_pub_subnet",
            "aws_vpc.reflek_vpc"
          ]
        }
      ]
    },
    {
      "mode": "managed",
      "type": "aws_security_group",
      "name": "bastion-sg",
      "provider": "provider.aws",
      "instances": [
        {
          "schema_version": 1,
          "attributes": {
            "arn": "arn:aws:ec2:ap-south-1:638987496525:security-group/sg-03bad10f178235be7",
            "description": "Managed by Terraform",
            "egress": [
              {
                "cidr_blocks": [
                  "0.0.0.0/0"
                ],
                "description": "",
                "from_port": 0,
                "ipv6_cidr_blocks": [],
                "prefix_list_ids": [],
                "protocol": "-1",
                "security_groups": [],
                "self": false,
                "to_port": 0
              }
            ],
            "id": "sg-03bad10f178235be7",
            "ingress": [
              {
                "cidr_blocks": [
                  "0.0.0.0/0"
                ],
                "description": "",
                "from_port": 22,
                "ipv6_cidr_blocks": [],
                "prefix_list_ids": [],
                "protocol": "tcp",
                "security_groups": [],
                "self": false,
                "to_port": 22
              },
              {
                "cidr_blocks": [
                  "0.0.0.0/0"
                ],
                "description": "",
                "from_port": 3000,
                "ipv6_cidr_blocks": [],
                "prefix_list_ids": [],
                "protocol": "tcp",
                "security_groups": [],
                "self": false,
                "to_port": 3000
              }
            ],
            "name": "bastion-security-group",
            "name_prefix": null,
            "owner_id": "638987496525",
            "revoke_rules_on_delete": false,
            "tags": null,
            "timeouts": null,
            "vpc_id": "vpc-0457a8c5185c39e8e"
          },
          "private": "eyJlMmJmYjczMC1lY2FhLTExZTYtOGY4OC0zNDM2M2JjN2M0YzAiOnsiY3JlYXRlIjo2MDAwMDAwMDAwMDAsImRlbGV0ZSI6NjAwMDAwMDAwMDAwfSwic2NoZW1hX3ZlcnNpb24iOiIxIn0=",
          "dependencies": [
            "aws_vpc.reflek_vpc"
          ]
        }
      ]
    },
    {
      "mode": "managed",
      "type": "aws_security_group",
      "name": "reflek_fronted_asg_config_sg",
      "provider": "provider.aws",
      "instances": [
        {
          "schema_version": 1,
          "attributes": {
            "arn": "arn:aws:ec2:ap-south-1:638987496525:security-group/sg-057224bb65e6b72ef",
            "description": "Managed by Terraform",
            "egress": [
              {
                "cidr_blocks": [
                  "0.0.0.0/0"
                ],
                "description": "",
                "from_port": 0,
                "ipv6_cidr_blocks": [],
                "prefix_list_ids": [],
                "protocol": "-1",
                "security_groups": [],
                "self": false,
                "to_port": 0
              }
            ],
            "id": "sg-057224bb65e6b72ef",
            "ingress": [
              {
                "cidr_blocks": [
                  "10.0.0.0/16"
                ],
                "description": "",
                "from_port": 0,
                "ipv6_cidr_blocks": [],
                "prefix_list_ids": [],
                "protocol": "50",
                "security_groups": [],
                "self": false,
                "to_port": 0
              },
              {
                "cidr_blocks": [
                  "10.0.0.0/16"
                ],
                "description": "",
                "from_port": 2377,
                "ipv6_cidr_blocks": [],
                "prefix_list_ids": [],
                "protocol": "tcp",
                "security_groups": [],
                "self": false,
                "to_port": 2377
              },
              {
                "cidr_blocks": [
                  "10.0.0.0/16"
                ],
                "description": "",
                "from_port": 4789,
                "ipv6_cidr_blocks": [],
                "prefix_list_ids": [],
                "protocol": "udp",
                "security_groups": [],
                "self": false,
                "to_port": 4789
              },
              {
                "cidr_blocks": [
                  "10.0.0.0/16"
                ],
                "description": "",
                "from_port": 5432,
                "ipv6_cidr_blocks": [],
                "prefix_list_ids": [],
                "protocol": "tcp",
                "security_groups": [],
                "self": false,
                "to_port": 5432
              },
              {
                "cidr_blocks": [
                  "10.0.0.0/16"
                ],
                "description": "",
                "from_port": 7946,
                "ipv6_cidr_blocks": [],
                "prefix_list_ids": [],
                "protocol": "tcp",
                "security_groups": [],
                "self": false,
                "to_port": 7946
              },
              {
                "cidr_blocks": [
                  "10.0.0.0/16"
                ],
                "description": "",
                "from_port": 7946,
                "ipv6_cidr_blocks": [],
                "prefix_list_ids": [],
                "protocol": "udp",
                "security_groups": [],
                "self": false,
                "to_port": 7946
              },
              {
                "cidr_blocks": [
                  "10.0.0.0/16"
                ],
                "description": "",
                "from_port": 9100,
                "ipv6_cidr_blocks": [],
                "prefix_list_ids": [],
                "protocol": "tcp",
                "security_groups": [],
                "self": false,
                "to_port": 9100
              },
              {
                "cidr_blocks": [],
                "description": "",
                "from_port": 22,
                "ipv6_cidr_blocks": [],
                "prefix_list_ids": [],
                "protocol": "tcp",
                "security_groups": [
                  "sg-03bad10f178235be7"
                ],
                "self": false,
                "to_port": 22
              },
              {
                "cidr_blocks": [],
                "description": "",
                "from_port": 8080,
                "ipv6_cidr_blocks": [],
                "prefix_list_ids": [],
                "protocol": "tcp",
                "security_groups": [
                  "sg-0c15dc35e634dd5cb"
                ],
                "self": false,
                "to_port": 8080
              },
              {
                "cidr_blocks": [],
                "description": "",
                "from_port": 80,
                "ipv6_cidr_blocks": [],
                "prefix_list_ids": [],
                "protocol": "tcp",
                "security_groups": [
                  "sg-0c15dc35e634dd5cb"
                ],
                "self": false,
                "to_port": 80
              },
              {
                "cidr_blocks": [],
                "description": "",
                "from_port": 9090,
                "ipv6_cidr_blocks": [],
                "prefix_list_ids": [],
                "protocol": "tcp",
                "security_groups": [
                  "sg-03bad10f178235be7"
                ],
                "self": false,
                "to_port": 9090
              }
            ],
            "name": "reflek_fronted_asg_config_sg",
            "name_prefix": null,
            "owner_id": "638987496525",
            "revoke_rules_on_delete": false,
            "tags": null,
            "timeouts": null,
            "vpc_id": "vpc-0457a8c5185c39e8e"
          },
          "private": "eyJlMmJmYjczMC1lY2FhLTExZTYtOGY4OC0zNDM2M2JjN2M0YzAiOnsiY3JlYXRlIjo2MDAwMDAwMDAwMDAsImRlbGV0ZSI6NjAwMDAwMDAwMDAwfSwic2NoZW1hX3ZlcnNpb24iOiIxIn0=",
          "dependencies": [
            "aws_internet_gateway.reflek_IG",
            "aws_security_group.bastion-sg",
            "aws_security_group.reflek_sg_web_lb",
            "aws_vpc.reflek_vpc"
          ]
        }
      ]
    },
    {
      "mode": "managed",
      "type": "aws_security_group",
      "name": "reflek_sg_web_lb",
      "provider": "provider.aws",
      "instances": [
        {
          "schema_version": 1,
          "attributes": {
            "arn": "arn:aws:ec2:ap-south-1:638987496525:security-group/sg-0c15dc35e634dd5cb",
            "description": "Managed by Terraform",
            "egress": [
              {
                "cidr_blocks": [
                  "0.0.0.0/0"
                ],
                "description": "",
                "from_port": 0,
                "ipv6_cidr_blocks": [],
                "prefix_list_ids": [],
                "protocol": "-1",
                "security_groups": [],
                "self": false,
                "to_port": 0
              }
            ],
            "id": "sg-0c15dc35e634dd5cb",
            "ingress": [
              {
                "cidr_blocks": [
                  "0.0.0.0/0"
                ],
                "description": "",
                "from_port": 80,
                "ipv6_cidr_blocks": [],
                "prefix_list_ids": [],
                "protocol": "tcp",
                "security_groups": [],
                "self": false,
                "to_port": 80
              }
            ],
            "name": "reflek_sg_web_lb",
            "name_prefix": null,
            "owner_id": "638987496525",
            "revoke_rules_on_delete": false,
            "tags": null,
            "timeouts": null,
            "vpc_id": "vpc-0457a8c5185c39e8e"
          },
          "private": "eyJlMmJmYjczMC1lY2FhLTExZTYtOGY4OC0zNDM2M2JjN2M0YzAiOnsiY3JlYXRlIjo2MDAwMDAwMDAwMDAsImRlbGV0ZSI6NjAwMDAwMDAwMDAwfSwic2NoZW1hX3ZlcnNpb24iOiIxIn0=",
          "dependencies": [
            "aws_internet_gateway.reflek_IG",
            "aws_vpc.reflek_vpc"
          ]
        }
      ]
    },
    {
      "mode": "managed",
      "type": "aws_subnet",
      "name": "reflek_pri_subnet",
      "each": "list",
      "provider": "provider.aws",
      "instances": [
        {
          "index_key": 0,
          "schema_version": 1,
          "attributes": {
            "arn": "arn:aws:ec2:ap-south-1:638987496525:subnet/subnet-07e64d8332127b994",
            "assign_ipv6_address_on_creation": false,
            "availability_zone": "ap-south-1a",
            "availability_zone_id": "aps1-az1",
            "cidr_block": "10.0.3.0/24",
            "id": "subnet-07e64d8332127b994",
            "ipv6_cidr_block": "",
            "ipv6_cidr_block_association_id": "",
            "map_public_ip_on_launch": false,
            "owner_id": "638987496525",
            "tags": {
              "Name": "reflek_pri_subnet_0"
            },
            "timeouts": null,
            "vpc_id": "vpc-0457a8c5185c39e8e"
          },
          "private": "eyJlMmJmYjczMC1lY2FhLTExZTYtOGY4OC0zNDM2M2JjN2M0YzAiOnsiY3JlYXRlIjo2MDAwMDAwMDAwMDAsImRlbGV0ZSI6MTIwMDAwMDAwMDAwMH0sInNjaGVtYV92ZXJzaW9uIjoiMSJ9",
          "dependencies": [
            "aws_vpc.reflek_vpc"
          ]
        },
        {
          "index_key": 1,
          "schema_version": 1,
          "attributes": {
            "arn": "arn:aws:ec2:ap-south-1:638987496525:subnet/subnet-06a9900f4ba4eff77",
            "assign_ipv6_address_on_creation": false,
            "availability_zone": "ap-south-1b",
            "availability_zone_id": "aps1-az3",
            "cidr_block": "10.0.4.0/24",
            "id": "subnet-06a9900f4ba4eff77",
            "ipv6_cidr_block": "",
            "ipv6_cidr_block_association_id": "",
            "map_public_ip_on_launch": false,
            "owner_id": "638987496525",
            "tags": {
              "Name": "reflek_pri_subnet_1"
            },
            "timeouts": null,
            "vpc_id": "vpc-0457a8c5185c39e8e"
          },
          "private": "eyJlMmJmYjczMC1lY2FhLTExZTYtOGY4OC0zNDM2M2JjN2M0YzAiOnsiY3JlYXRlIjo2MDAwMDAwMDAwMDAsImRlbGV0ZSI6MTIwMDAwMDAwMDAwMH0sInNjaGVtYV92ZXJzaW9uIjoiMSJ9",
          "dependencies": [
            "aws_vpc.reflek_vpc"
          ]
        }
      ]
    },
    {
      "mode": "managed",
      "type": "aws_subnet",
      "name": "reflek_pub_subnet",
      "each": "list",
      "provider": "provider.aws",
      "instances": [
        {
          "index_key": 0,
          "schema_version": 1,
          "attributes": {
            "arn": "arn:aws:ec2:ap-south-1:638987496525:subnet/subnet-0a336e6031d9e1ca9",
            "assign_ipv6_address_on_creation": false,
            "availability_zone": "ap-south-1a",
            "availability_zone_id": "aps1-az1",
            "cidr_block": "10.0.1.0/24",
            "id": "subnet-0a336e6031d9e1ca9",
            "ipv6_cidr_block": "",
            "ipv6_cidr_block_association_id": "",
            "map_public_ip_on_launch": true,
            "owner_id": "638987496525",
            "tags": {
              "Name": "reflek_pub_subnet_0"
            },
            "timeouts": null,
            "vpc_id": "vpc-0457a8c5185c39e8e"
          },
          "private": "eyJlMmJmYjczMC1lY2FhLTExZTYtOGY4OC0zNDM2M2JjN2M0YzAiOnsiY3JlYXRlIjo2MDAwMDAwMDAwMDAsImRlbGV0ZSI6MTIwMDAwMDAwMDAwMH0sInNjaGVtYV92ZXJzaW9uIjoiMSJ9",
          "dependencies": [
            "aws_vpc.reflek_vpc"
          ]
        },
        {
          "index_key": 1,
          "schema_version": 1,
          "attributes": {
            "arn": "arn:aws:ec2:ap-south-1:638987496525:subnet/subnet-06bc3fcfa2e209928",
            "assign_ipv6_address_on_creation": false,
            "availability_zone": "ap-south-1b",
            "availability_zone_id": "aps1-az3",
            "cidr_block": "10.0.2.0/24",
            "id": "subnet-06bc3fcfa2e209928",
            "ipv6_cidr_block": "",
            "ipv6_cidr_block_association_id": "",
            "map_public_ip_on_launch": true,
            "owner_id": "638987496525",
            "tags": {
              "Name": "reflek_pub_subnet_1"
            },
            "timeouts": null,
            "vpc_id": "vpc-0457a8c5185c39e8e"
          },
          "private": "eyJlMmJmYjczMC1lY2FhLTExZTYtOGY4OC0zNDM2M2JjN2M0YzAiOnsiY3JlYXRlIjo2MDAwMDAwMDAwMDAsImRlbGV0ZSI6MTIwMDAwMDAwMDAwMH0sInNjaGVtYV92ZXJzaW9uIjoiMSJ9",
          "dependencies": [
            "aws_vpc.reflek_vpc"
          ]
        }
      ]
    },
    {
      "mode": "managed",
      "type": "aws_vpc",
      "name": "reflek_vpc",
      "provider": "provider.aws",
      "instances": [
        {
          "schema_version": 1,
          "attributes": {
            "arn": "arn:aws:ec2:ap-south-1:638987496525:vpc/vpc-0457a8c5185c39e8e",
            "assign_generated_ipv6_cidr_block": false,
            "cidr_block": "10.0.0.0/16",
            "default_network_acl_id": "acl-0b9e7046a1a165177",
            "default_route_table_id": "rtb-05c1c5ac74d311c8f",
            "default_security_group_id": "sg-042d36294f4eb5d56",
            "dhcp_options_id": "dopt-a640aacd",
            "enable_classiclink": null,
            "enable_classiclink_dns_support": null,
            "enable_dns_hostnames": true,
            "enable_dns_support": true,
            "id": "vpc-0457a8c5185c39e8e",
            "instance_tenancy": "default",
            "ipv6_association_id": "",
            "ipv6_cidr_block": "",
            "main_route_table_id": "rtb-05c1c5ac74d311c8f",
            "owner_id": "638987496525",
            "tags": {
              "Name": "reflek_vpc"
            }
          },
          "private": "eyJzY2hlbWFfdmVyc2lvbiI6IjEifQ=="
        }
      ]
    }
  ]
}
